
Microsoft Visual Studio Solution File, Format Version 12.00
# Visual Studio Version 17
VisualStudioVersion = 17.4.33122.133
MinimumVisualStudioVersion = 10.0.40219.1
Project("{2150E333-8FDC-42A3-9474-1A3956D46DE8}") = "src", "src", "{30658E59-3DFF-4CEF-8A81-014EFA126744}"
EndProject
Project("{9A19103F-16F7-4668-BE54-9A1E7A4F7556}") = "BlazorBootswatchSync", "src\BlazorBootswatchSync\BlazorBootswatchSync.csproj", "{976558C1-91AE-4CD8-BA9C-A5E6959EE3DC}"
EndProject
Global
	GlobalSection(SolutionConfigurationPlatforms) = preSolution
		Debug|Any CPU = Debug|Any CPU
		Release|Any CPU = Release|Any CPU
	EndGlobalSection
	GlobalSection(ProjectConfigurationPlatforms) = postSolution
		{976558C1-91AE-4CD8-BA9C-A5E6959EE3DC}.Debug|Any CPU.ActiveCfg = Debug|Any CPU
		{976558C1-91AE-4CD8-BA9C-A5E6959EE3DC}.Debug|Any CPU.Build.0 = Debug|Any CPU
		{976558C1-91AE-4CD8-BA9C-A5E6959EE3DC}.Release|Any CPU.ActiveCfg = Release|Any CPU
		{976558C1-91AE-4CD8-BA9C-A5E6959EE3DC}.Release|Any CPU.Build.0 = Release|Any CPU
	EndGlobalSection
	GlobalSection(SolutionProperties) = preSolution
		HideSolutionNode = FALSE
	EndGlobalSection
	GlobalSection(NestedProjects) = preSolution
		{976558C1-91AE-4CD8-BA9C-A5E6959EE3DC} = {30658E59-3DFF-4CEF-8A81-014EFA126744}
	EndGlobalSection
	GlobalSection(ExtensibilityGlobals) = postSolution
		SolutionGuid = {2FCA9321-95C9-4459-A73D-4DAF79BCFE2F}
	EndGlobalSection
EndGlobal
